
Microsoft Visual Studio Solution File, Format Version 12.00
# Visual Studio Version 17
VisualStudioVersion = 17.0.31903.59
MinimumVisualStudioVersion = 10.0.40219.1
Project("{2150E333-8FDC-42A3-9474-1A3956D46DE8}") = "BuildingBlocks", "BuildingBlocks", "{7266C4A9-E384-DC00-0EB6-47F6002CFBA7}"
EndProject
Project("{FAE04EC0-301F-11D3-BF4B-00C04F79EFBC}") = "Common", "BuildingBlocks\Common\Common.csproj", "{DCFDD393-0BFF-411F-AABF-23A201F6FCEF}"
EndProject
Project("{FAE04EC0-301F-11D3-BF4B-00C04F79EFBC}") = "Contracts", "BuildingBlocks\Contracts\Contracts.csproj", "{B7B79378-4E49-495C-AD64-2ECA7E2ED00C}"
EndProject
Project("{FAE04EC0-301F-11D3-BF4B-00C04F79EFBC}") = "SharedKernel", "BuildingBlocks\SharedKernel\SharedKernel.csproj", "{E70ECEC0-05AD-438B-B28C-E73D61745564}"
EndProject
Project("{2150E333-8FDC-42A3-9474-1A3956D46DE8}") = "Gateway", "Gateway", "{E7BDDBC6-9FD1-D1D7-ACD8-2C4F8E3D2461}"
EndProject
Project("{FAE04EC0-301F-11D3-BF4B-00C04F79EFBC}") = "Gateway.API", "Gateway\Gateway.API\Gateway.API.csproj", "{A4CBBF40-9F94-40B9-8253-928C6B40ECD8}"
EndProject
Project("{2150E333-8FDC-42A3-9474-1A3956D46DE8}") = "Identity (SSO)", "Identity (SSO)", "{A704D049-5395-6054-6F30-E0B494B41F29}"
EndProject
Project("{FAE04EC0-301F-11D3-BF4B-00C04F79EFBC}") = "Identity.API", "Identity (SSO)\Identity.API\Identity.API.csproj", "{1C458BBA-B078-4EB2-B60A-A83EB6AF25B1}"
EndProject
Project("{2150E333-8FDC-42A3-9474-1A3956D46DE8}") = "Services", "Services", "{5854FF58-B8C5-05C6-5BF2-ACE42193F22B}"
EndProject
Project("{2150E333-8FDC-42A3-9474-1A3956D46DE8}") = "OrderService", "OrderService", "{05772A79-6677-48D6-4812-5BDCDF485F71}"
EndProject
Project("{FAE04EC0-301F-11D3-BF4B-00C04F79EFBC}") = "OrderService.API", "Services\OrderService\OrderService.API\OrderService.API.csproj", "{554602CF-313D-43A9-86E8-CDCB833B1BBC}"
EndProject
Project("{FAE04EC0-301F-11D3-BF4B-00C04F79EFBC}") = "OrderService.Application", "Services\OrderService\OrderService.Application\OrderService.Application.csproj", "{4F9858A2-5353-44C5-A96F-0C7CB1FF4208}"
EndProject
Project("{FAE04EC0-301F-11D3-BF4B-00C04F79EFBC}") = "OrderService.Domain", "Services\OrderService\OrderService.Domain\OrderService.Domain.csproj", "{1FD60522-1186-47AB-9AA5-1249FAECF18E}"
EndProject
Project("{FAE04EC0-301F-11D3-BF4B-00C04F79EFBC}") = "OrderService.Infrastructure", "Services\OrderService\OrderService.Infrastructure\OrderService.Infrastructure.csproj", "{742AB096-E69F-4D17-AAE5-FBD447C8854F}"
EndProject
Project("{2150E333-8FDC-42A3-9474-1A3956D46DE8}") = "ProductService", "ProductService", "{1C57C2D2-1246-804C-0890-EC7B6BEC053B}"
EndProject
Project("{FAE04EC0-301F-11D3-BF4B-00C04F79EFBC}") = "ProductService.API", "Services\ProductService\ProductService.API\ProductService.API.csproj", "{C4FBB33C-A141-48C8-99E7-0B038F088AC9}"
EndProject
Project("{FAE04EC0-301F-11D3-BF4B-00C04F79EFBC}") = "ProductService.Application", "Services\ProductService\ProductService.Application\ProductService.Application.csproj", "{8E0D9915-1E1A-4832-83FD-4E7AB5ACEA45}"
EndProject
Project("{FAE04EC0-301F-11D3-BF4B-00C04F79EFBC}") = "ProductService.Domain", "Services\ProductService\ProductService.Domain\ProductService.Domain.csproj", "{9E38FAB5-29B2-4273-A1E2-FA5FFE5E3E24}"
EndProject
Project("{FAE04EC0-301F-11D3-BF4B-00C04F79EFBC}") = "ProductService.Infrastructure", "Services\ProductService\ProductService.Infrastructure\ProductService.Infrastructure.csproj", "{8173205C-DC4E-4375-A853-676B5DC3F458}"
EndProject
Project("{2150E333-8FDC-42A3-9474-1A3956D46DE8}") = "UserService", "UserService", "{BB9B0570-D764-F740-A1C1-3444BA1D5022}"
EndProject
Project("{FAE04EC0-301F-11D3-BF4B-00C04F79EFBC}") = "UserService.API", "Services\UserService\UserService.API\UserService.API.csproj", "{6A3E425E-6430-49E5-8475-A812BE1BE8A9}"
EndProject
Project("{FAE04EC0-301F-11D3-BF4B-00C04F79EFBC}") = "UserService.Application", "Services\UserService\UserService.Application\UserService.Application.csproj", "{D1F6A7A3-3B9A-4FE1-9295-52693555413F}"
EndProject
Project("{FAE04EC0-301F-11D3-BF4B-00C04F79EFBC}") = "UserService.Domain", "Services\UserService\UserService.Domain\UserService.Domain.csproj", "{E7228A7F-11E1-4617-ADB8-45D0BA0FD556}"
EndProject
Project("{FAE04EC0-301F-11D3-BF4B-00C04F79EFBC}") = "UserService.Infrastructure", "Services\UserService\UserService.Infrastructure\UserService.Infrastructure.csproj", "{863EC40B-EE9B-4B9C-AC2B-C65B1B0B5E2B}"
EndProject
Project("{2150E333-8FDC-42A3-9474-1A3956D46DE8}") = "Infrastructure", "Infrastructure", "{F2B76D92-C66C-4A2D-8D5C-2E3D6B7F9A1B}"
EndProject
Project("{2150E333-8FDC-42A3-9474-1A3956D46DE8}") = "Docker", "Docker", "{A1B2C3D4-E5F6-4A7B-8C9D-0E1F2A3B4C5D}"
EndProject
Project("{2150E333-8FDC-42A3-9474-1A3956D46DE8}") = "Kubernetes", "Kubernetes", "{B2C3D4E5-F6A7-4B8C-9D0E-1F2A3B4C5D6E}"
EndProject
Project("{2150E333-8FDC-42A3-9474-1A3956D46DE8}") = "Tests", "Tests", "{C3D4E5F6-A7B8-4C9D-0E1F-2A3B4C5D6E7F}"
EndProject
Project("{2150E333-8FDC-42A3-9474-1A3956D46DE8}") = "IntegrationTests", "IntegrationTests", "{D4E5F6A7-B8C9-4D0E-1F2A-3B4C5D6E7F8A}"
EndProject
Project("{2150E333-8FDC-42A3-9474-1A3956D46DE8}") = "UnitTests", "UnitTests", "{E5F6A7B8-C9D0-4E1F-2A3B-4C5D6E7F8A9B}"
EndProject
Global
	GlobalSection(SolutionConfigurationPlatforms) = preSolution
		Debug|Any CPU = Debug|Any CPU
		Debug|x64 = Debug|x64
		Debug|x86 = Debug|x86
		Release|Any CPU = Release|Any CPU
		Release|x64 = Release|x64
		Release|x86 = Release|x86
	EndGlobalSection
	GlobalSection(ProjectConfigurationPlatforms) = postSolution
		{DCFDD393-0BFF-411F-AABF-23A201F6FCEF}.Debug|Any CPU.ActiveCfg = Debug|Any CPU
		{DCFDD393-0BFF-411F-AABF-23A201F6FCEF}.Debug|Any CPU.Build.0 = Debug|Any CPU
		{DCFDD393-0BFF-411F-AABF-23A201F6FCEF}.Debug|x64.ActiveCfg = Debug|Any CPU
		{DCFDD393-0BFF-411F-AABF-23A201F6FCEF}.Debug|x64.Build.0 = Debug|Any CPU
		{DCFDD393-0BFF-411F-AABF-23A201F6FCEF}.Debug|x86.ActiveCfg = Debug|Any CPU
		{DCFDD393-0BFF-411F-AABF-23A201F6FCEF}.Debug|x86.Build.0 = Debug|Any CPU
		{DCFDD393-0BFF-411F-AABF-23A201F6FCEF}.Release|Any CPU.ActiveCfg = Release|Any CPU
		{DCFDD393-0BFF-411F-AABF-23A201F6FCEF}.Release|Any CPU.Build.0 = Release|Any CPU
		{DCFDD393-0BFF-411F-AABF-23A201F6FCEF}.Release|x64.ActiveCfg = Release|Any CPU
		{DCFDD393-0BFF-411F-AABF-23A201F6FCEF}.Release|x64.Build.0 = Release|Any CPU
		{DCFDD393-0BFF-411F-AABF-23A201F6FCEF}.Release|x86.ActiveCfg = Release|Any CPU
		{DCFDD393-0BFF-411F-AABF-23A201F6FCEF}.Release|x86.Build.0 = Release|Any CPU
		{B7B79378-4E49-495C-AD64-2ECA7E2ED00C}.Debug|Any CPU.ActiveCfg = Debug|Any CPU
		{B7B79378-4E49-495C-AD64-2ECA7E2ED00C}.Debug|Any CPU.Build.0 = Debug|Any CPU
		{B7B79378-4E49-495C-AD64-2ECA7E2ED00C}.Debug|x64.ActiveCfg = Debug|Any CPU
		{B7B79378-4E49-495C-AD64-2ECA7E2ED00C}.Debug|x64.Build.0 = Debug|Any CPU
		{B7B79378-4E49-495C-AD64-2ECA7E2ED00C}.Debug|x86.ActiveCfg = Debug|Any CPU
		{B7B79378-4E49-495C-AD64-2ECA7E2ED00C}.Debug|x86.Build.0 = Debug|Any CPU
		{B7B79378-4E49-495C-AD64-2ECA7E2ED00C}.Release|Any CPU.ActiveCfg = Release|Any CPU
		{B7B79378-4E49-495C-AD64-2ECA7E2ED00C}.Release|Any CPU.Build.0 = Release|Any CPU
		{B7B79378-4E49-495C-AD64-2ECA7E2ED00C}.Release|x64.ActiveCfg = Release|Any CPU
		{B7B79378-4E49-495C-AD64-2ECA7E2ED00C}.Release|x64.Build.0 = Release|Any CPU
		{B7B79378-4E49-495C-AD64-2ECA7E2ED00C}.Release|x86.ActiveCfg = Release|Any CPU
		{B7B79378-4E49-495C-AD64-2ECA7E2ED00C}.Release|x86.Build.0 = Release|Any CPU
		{E70ECEC0-05AD-438B-B28C-E73D61745564}.Debug|Any CPU.ActiveCfg = Debug|Any CPU
		{E70ECEC0-05AD-438B-B28C-E73D61745564}.Debug|Any CPU.Build.0 = Debug|Any CPU
		{E70ECEC0-05AD-438B-B28C-E73D61745564}.Debug|x64.ActiveCfg = Debug|Any CPU
		{E70ECEC0-05AD-438B-B28C-E73D61745564}.Debug|x64.Build.0 = Debug|Any CPU
		{E70ECEC0-05AD-438B-B28C-E73D61745564}.Debug|x86.ActiveCfg = Debug|Any CPU
		{E70ECEC0-05AD-438B-B28C-E73D61745564}.Debug|x86.Build.0 = Debug|Any CPU
		{E70ECEC0-05AD-438B-B28C-E73D61745564}.Release|Any CPU.ActiveCfg = Release|Any CPU
		{E70ECEC0-05AD-438B-B28C-E73D61745564}.Release|Any CPU.Build.0 = Release|Any CPU
		{E70ECEC0-05AD-438B-B28C-E73D61745564}.Release|x64.ActiveCfg = Release|Any CPU
		{E70ECEC0-05AD-438B-B28C-E73D61745564}.Release|x64.Build.0 = Release|Any CPU
		{E70ECEC0-05AD-438B-B28C-E73D61745564}.Release|x86.ActiveCfg = Release|Any CPU
		{E70ECEC0-05AD-438B-B28C-E73D61745564}.Release|x86.Build.0 = Release|Any CPU
		{A4CBBF40-9F94-40B9-8253-928C6B40ECD8}.Debug|Any CPU.ActiveCfg = Debug|Any CPU
		{A4CBBF40-9F94-40B9-8253-928C6B40ECD8}.Debug|Any CPU.Build.0 = Debug|Any CPU
		{A4CBBF40-9F94-40B9-8253-928C6B40ECD8}.Debug|x64.ActiveCfg = Debug|Any CPU
		{A4CBBF40-9F94-40B9-8253-928C6B40ECD8}.Debug|x64.Build.0 = Debug|Any CPU
		{A4CBBF40-9F94-40B9-8253-928C6B40ECD8}.Debug|x86.ActiveCfg = Debug|Any CPU
		{A4CBBF40-9F94-40B9-8253-928C6B40ECD8}.Debug|x86.Build.0 = Debug|Any CPU
		{A4CBBF40-9F94-40B9-8253-928C6B40ECD8}.Release|Any CPU.ActiveCfg = Release|Any CPU
		{A4CBBF40-9F94-40B9-8253-928C6B40ECD8}.Release|Any CPU.Build.0 = Release|Any CPU
		{A4CBBF40-9F94-40B9-8253-928C6B40ECD8}.Release|x64.ActiveCfg = Release|Any CPU
		{A4CBBF40-9F94-40B9-8253-928C6B40ECD8}.Release|x64.Build.0 = Release|Any CPU
		{A4CBBF40-9F94-40B9-8253-928C6B40ECD8}.Release|x86.ActiveCfg = Release|Any CPU
		{A4CBBF40-9F94-40B9-8253-928C6B40ECD8}.Release|x86.Build.0 = Release|Any CPU
		{1C458BBA-B078-4EB2-B60A-A83EB6AF25B1}.Debug|Any CPU.ActiveCfg = Debug|Any CPU
		{1C458BBA-B078-4EB2-B60A-A83EB6AF25B1}.Debug|Any CPU.Build.0 = Debug|Any CPU
		{1C458BBA-B078-4EB2-B60A-A83EB6AF25B1}.Debug|x64.ActiveCfg = Debug|Any CPU
		{1C458BBA-B078-4EB2-B60A-A83EB6AF25B1}.Debug|x64.Build.0 = Debug|Any CPU
		{1C458BBA-B078-4EB2-B60A-A83EB6AF25B1}.Debug|x86.ActiveCfg = Debug|Any CPU
		{1C458BBA-B078-4EB2-B60A-A83EB6AF25B1}.Debug|x86.Build.0 = Debug|Any CPU
		{1C458BBA-B078-4EB2-B60A-A83EB6AF25B1}.Release|Any CPU.ActiveCfg = Release|Any CPU
		{1C458BBA-B078-4EB2-B60A-A83EB6AF25B1}.Release|Any CPU.Build.0 = Release|Any CPU
		{1C458BBA-B078-4EB2-B60A-A83EB6AF25B1}.Release|x64.ActiveCfg = Release|Any CPU
		{1C458BBA-B078-4EB2-B60A-A83EB6AF25B1}.Release|x64.Build.0 = Release|Any CPU
		{1C458BBA-B078-4EB2-B60A-A83EB6AF25B1}.Release|x86.ActiveCfg = Release|Any CPU
		{1C458BBA-B078-4EB2-B60A-A83EB6AF25B1}.Release|x86.Build.0 = Release|Any CPU
		{554602CF-313D-43A9-86E8-CDCB833B1BBC}.Debug|Any CPU.ActiveCfg = Debug|Any CPU
		{554602CF-313D-43A9-86E8-CDCB833B1BBC}.Debug|Any CPU.Build.0 = Debug|Any CPU
		{554602CF-313D-43A9-86E8-CDCB833B1BBC}.Debug|x64.ActiveCfg = Debug|Any CPU
		{554602CF-313D-43A9-86E8-CDCB833B1BBC}.Debug|x64.Build.0 = Debug|Any CPU
		{554602CF-313D-43A9-86E8-CDCB833B1BBC}.Debug|x86.ActiveCfg = Debug|Any CPU
		{554602CF-313D-43A9-86E8-CDCB833B1BBC}.Debug|x86.Build.0 = Debug|Any CPU
		{554602CF-313D-43A9-86E8-CDCB833B1BBC}.Release|Any CPU.ActiveCfg = Release|Any CPU
		{554602CF-313D-43A9-86E8-CDCB833B1BBC}.Release|Any CPU.Build.0 = Release|Any CPU
		{554602CF-313D-43A9-86E8-CDCB833B1BBC}.Release|x64.ActiveCfg = Release|Any CPU
		{554602CF-313D-43A9-86E8-CDCB833B1BBC}.Release|x64.Build.0 = Release|Any CPU
		{554602CF-313D-43A9-86E8-CDCB833B1BBC}.Release|x86.ActiveCfg = Release|Any CPU
		{554602CF-313D-43A9-86E8-CDCB833B1BBC}.Release|x86.Build.0 = Release|Any CPU
		{4F9858A2-5353-44C5-A96F-0C7CB1FF4208}.Debug|Any CPU.ActiveCfg = Debug|Any CPU
		{4F9858A2-5353-44C5-A96F-0C7CB1FF4208}.Debug|Any CPU.Build.0 = Debug|Any CPU
		{4F9858A2-5353-44C5-A96F-0C7CB1FF4208}.Debug|x64.ActiveCfg = Debug|Any CPU
		{4F9858A2-5353-44C5-A96F-0C7CB1FF4208}.Debug|x64.Build.0 = Debug|Any CPU
		{4F9858A2-5353-44C5-A96F-0C7CB1FF4208}.Debug|x86.ActiveCfg = Debug|Any CPU
		{4F9858A2-5353-44C5-A96F-0C7CB1FF4208}.Debug|x86.Build.0 = Debug|Any CPU
		{4F9858A2-5353-44C5-A96F-0C7CB1FF4208}.Release|Any CPU.ActiveCfg = Release|Any CPU
		{4F9858A2-5353-44C5-A96F-0C7CB1FF4208}.Release|Any CPU.Build.0 = Release|Any CPU
		{4F9858A2-5353-44C5-A96F-0C7CB1FF4208}.Release|x64.ActiveCfg = Release|Any CPU
		{4F9858A2-5353-44C5-A96F-0C7CB1FF4208}.Release|x64.Build.0 = Release|Any CPU
		{4F9858A2-5353-44C5-A96F-0C7CB1FF4208}.Release|x86.ActiveCfg = Release|Any CPU
		{4F9858A2-5353-44C5-A96F-0C7CB1FF4208}.Release|x86.Build.0 = Release|Any CPU
		{1FD60522-1186-47AB-9AA5-1249FAECF18E}.Debug|Any CPU.ActiveCfg = Debug|Any CPU
		{1FD60522-1186-47AB-9AA5-1249FAECF18E}.Debug|Any CPU.Build.0 = Debug|Any CPU
		{1FD60522-1186-47AB-9AA5-1249FAECF18E}.Debug|x64.ActiveCfg = Debug|Any CPU
		{1FD60522-1186-47AB-9AA5-1249FAECF18E}.Debug|x64.Build.0 = Debug|Any CPU
		{1FD60522-1186-47AB-9AA5-1249FAECF18E}.Debug|x86.ActiveCfg = Debug|Any CPU
		{1FD60522-1186-47AB-9AA5-1249FAECF18E}.Debug|x86.Build.0 = Debug|Any CPU
		{1FD60522-1186-47AB-9AA5-1249FAECF18E}.Release|Any CPU.ActiveCfg = Release|Any CPU
		{1FD60522-1186-47AB-9AA5-1249FAECF18E}.Release|Any CPU.Build.0 = Release|Any CPU
		{1FD60522-1186-47AB-9AA5-1249FAECF18E}.Release|x64.ActiveCfg = Release|Any CPU
		{1FD60522-1186-47AB-9AA5-1249FAECF18E}.Release|x64.Build.0 = Release|Any CPU
		{1FD60522-1186-47AB-9AA5-1249FAECF18E}.Release|x86.ActiveCfg = Release|Any CPU
		{1FD60522-1186-47AB-9AA5-1249FAECF18E}.Release|x86.Build.0 = Release|Any CPU
		{742AB096-E69F-4D17-AAE5-FBD447C8854F}.Debug|Any CPU.ActiveCfg = Debug|Any CPU
		{742AB096-E69F-4D17-AAE5-FBD447C8854F}.Debug|Any CPU.Build.0 = Debug|Any CPU
		{742AB096-E69F-4D17-AAE5-FBD447C8854F}.Debug|x64.ActiveCfg = Debug|Any CPU
		{742AB096-E69F-4D17-AAE5-FBD447C8854F}.Debug|x64.Build.0 = Debug|Any CPU
		{742AB096-E69F-4D17-AAE5-FBD447C8854F}.Debug|x86.ActiveCfg = Debug|Any CPU
		{742AB096-E69F-4D17-AAE5-FBD447C8854F}.Debug|x86.Build.0 = Debug|Any CPU
		{742AB096-E69F-4D17-AAE5-FBD447C8854F}.Release|Any CPU.ActiveCfg = Release|Any CPU
		{742AB096-E69F-4D17-AAE5-FBD447C8854F}.Release|Any CPU.Build.0 = Release|Any CPU
		{742AB096-E69F-4D17-AAE5-FBD447C8854F}.Release|x64.ActiveCfg = Release|Any CPU
		{742AB096-E69F-4D17-AAE5-FBD447C8854F}.Release|x64.Build.0 = Release|Any CPU
		{742AB096-E69F-4D17-AAE5-FBD447C8854F}.Release|x86.ActiveCfg = Release|Any CPU
		{742AB096-E69F-4D17-AAE5-FBD447C8854F}.Release|x86.Build.0 = Release|Any CPU
		{C4FBB33C-A141-48C8-99E7-0B038F088AC9}.Debug|Any CPU.ActiveCfg = Debug|Any CPU
		{C4FBB33C-A141-48C8-99E7-0B038F088AC9}.Debug|Any CPU.Build.0 = Debug|Any CPU
		{C4FBB33C-A141-48C8-99E7-0B038F088AC9}.Debug|x64.ActiveCfg = Debug|Any CPU
		{C4FBB33C-A141-48C8-99E7-0B038F088AC9}.Debug|x64.Build.0 = Debug|Any CPU
		{C4FBB33C-A141-48C8-99E7-0B038F088AC9}.Debug|x86.ActiveCfg = Debug|Any CPU
		{C4FBB33C-A141-48C8-99E7-0B038F088AC9}.Debug|x86.Build.0 = Debug|Any CPU
		{C4FBB33C-A141-48C8-99E7-0B038F088AC9}.Release|Any CPU.ActiveCfg = Release|Any CPU
		{C4FBB33C-A141-48C8-99E7-0B038F088AC9}.Release|Any CPU.Build.0 = Release|Any CPU
		{C4FBB33C-A141-48C8-99E7-0B038F088AC9}.Release|x64.ActiveCfg = Release|Any CPU
		{C4FBB33C-A141-48C8-99E7-0B038F088AC9}.Release|x64.Build.0 = Release|Any CPU
		{C4FBB33C-A141-48C8-99E7-0B038F088AC9}.Release|x86.ActiveCfg = Release|Any CPU
		{C4FBB33C-A141-48C8-99E7-0B038F088AC9}.Release|x86.Build.0 = Release|Any CPU
		{8E0D9915-1E1A-4832-83FD-4E7AB5ACEA45}.Debug|Any CPU.ActiveCfg = Debug|Any CPU
		{8E0D9915-1E1A-4832-83FD-4E7AB5ACEA45}.Debug|Any CPU.Build.0 = Debug|Any CPU
		{8E0D9915-1E1A-4832-83FD-4E7AB5ACEA45}.Debug|x64.ActiveCfg = Debug|Any CPU
		{8E0D9915-1E1A-4832-83FD-4E7AB5ACEA45}.Debug|x64.Build.0 = Debug|Any CPU
		{8E0D9915-1E1A-4832-83FD-4E7AB5ACEA45}.Debug|x86.ActiveCfg = Debug|Any CPU
		{8E0D9915-1E1A-4832-83FD-4E7AB5ACEA45}.Debug|x86.Build.0 = Debug|Any CPU
		{8E0D9915-1E1A-4832-83FD-4E7AB5ACEA45}.Release|Any CPU.ActiveCfg = Release|Any CPU
		{8E0D9915-1E1A-4832-83FD-4E7AB5ACEA45}.Release|Any CPU.Build.0 = Release|Any CPU
		{8E0D9915-1E1A-4832-83FD-4E7AB5ACEA45}.Release|x64.ActiveCfg = Release|Any CPU
		{8E0D9915-1E1A-4832-83FD-4E7AB5ACEA45}.Release|x64.Build.0 = Release|Any CPU
		{8E0D9915-1E1A-4832-83FD-4E7AB5ACEA45}.Release|x86.ActiveCfg = Release|Any CPU
		{8E0D9915-1E1A-4832-83FD-4E7AB5ACEA45}.Release|x86.Build.0 = Release|Any CPU
		{9E38FAB5-29B2-4273-A1E2-FA5FFE5E3E24}.Debug|Any CPU.ActiveCfg = Debug|Any CPU
		{9E38FAB5-29B2-4273-A1E2-FA5FFE5E3E24}.Debug|Any CPU.Build.0 = Debug|Any CPU
		{9E38FAB5-29B2-4273-A1E2-FA5FFE5E3E24}.Debug|x64.ActiveCfg = Debug|Any CPU
		{9E38FAB5-29B2-4273-A1E2-FA5FFE5E3E24}.Debug|x64.Build.0 = Debug|Any CPU
		{9E38FAB5-29B2-4273-A1E2-FA5FFE5E3E24}.Debug|x86.ActiveCfg = Debug|Any CPU
		{9E38FAB5-29B2-4273-A1E2-FA5FFE5E3E24}.Debug|x86.Build.0 = Debug|Any CPU
		{9E38FAB5-29B2-4273-A1E2-FA5FFE5E3E24}.Release|Any CPU.ActiveCfg = Release|Any CPU
		{9E38FAB5-29B2-4273-A1E2-FA5FFE5E3E24}.Release|Any CPU.Build.0 = Release|Any CPU
		{9E38FAB5-29B2-4273-A1E2-FA5FFE5E3E24}.Release|x64.ActiveCfg = Release|Any CPU
		{9E38FAB5-29B2-4273-A1E2-FA5FFE5E3E24}.Release|x64.Build.0 = Release|Any CPU
		{9E38FAB5-29B2-4273-A1E2-FA5FFE5E3E24}.Release|x86.ActiveCfg = Release|Any CPU
		{9E38FAB5-29B2-4273-A1E2-FA5FFE5E3E24}.Release|x86.Build.0 = Release|Any CPU
		{8173205C-DC4E-4375-A853-676B5DC3F458}.Debug|Any CPU.ActiveCfg = Debug|Any CPU
		{8173205C-DC4E-4375-A853-676B5DC3F458}.Debug|Any CPU.Build.0 = Debug|Any CPU
		{8173205C-DC4E-4375-A853-676B5DC3F458}.Debug|x64.ActiveCfg = Debug|Any CPU
		{8173205C-DC4E-4375-A853-676B5DC3F458}.Debug|x64.Build.0 = Debug|Any CPU
		{8173205C-DC4E-4375-A853-676B5DC3F458}.Debug|x86.ActiveCfg = Debug|Any CPU
		{8173205C-DC4E-4375-A853-676B5DC3F458}.Debug|x86.Build.0 = Debug|Any CPU
		{8173205C-DC4E-4375-A853-676B5DC3F458}.Release|Any CPU.ActiveCfg = Release|Any CPU
		{8173205C-DC4E-4375-A853-676B5DC3F458}.Release|Any CPU.Build.0 = Release|Any CPU
		{8173205C-DC4E-4375-A853-676B5DC3F458}.Release|x64.ActiveCfg = Release|Any CPU
		{8173205C-DC4E-4375-A853-676B5DC3F458}.Release|x64.Build.0 = Release|Any CPU
		{8173205C-DC4E-4375-A853-676B5DC3F458}.Release|x86.ActiveCfg = Release|Any CPU
		{8173205C-DC4E-4375-A853-676B5DC3F458}.Release|x86.Build.0 = Release|Any CPU
		{6A3E425E-6430-49E5-8475-A812BE1BE8A9}.Debug|Any CPU.ActiveCfg = Debug|Any CPU
		{6A3E425E-6430-49E5-8475-A812BE1BE8A9}.Debug|Any CPU.Build.0 = Debug|Any CPU
		{6A3E425E-6430-49E5-8475-A812BE1BE8A9}.Debug|x64.ActiveCfg = Debug|Any CPU
		{6A3E425E-6430-49E5-8475-A812BE1BE8A9}.Debug|x64.Build.0 = Debug|Any CPU
		{6A3E425E-6430-49E5-8475-A812BE1BE8A9}.Debug|x86.ActiveCfg = Debug|Any CPU
		{6A3E425E-6430-49E5-8475-A812BE1BE8A9}.Debug|x86.Build.0 = Debug|Any CPU
		{6A3E425E-6430-49E5-8475-A812BE1BE8A9}.Release|Any CPU.ActiveCfg = Release|Any CPU
		{6A3E425E-6430-49E5-8475-A812BE1BE8A9}.Release|Any CPU.Build.0 = Release|Any CPU
		{6A3E425E-6430-49E5-8475-A812BE1BE8A9}.Release|x64.ActiveCfg = Release|Any CPU
		{6A3E425E-6430-49E5-8475-A812BE1BE8A9}.Release|x64.Build.0 = Release|Any CPU
		{6A3E425E-6430-49E5-8475-A812BE1BE8A9}.Release|x86.ActiveCfg = Release|Any CPU
		{6A3E425E-6430-49E5-8475-A812BE1BE8A9}.Release|x86.Build.0 = Release|Any CPU
		{D1F6A7A3-3B9A-4FE1-9295-52693555413F}.Debug|Any CPU.ActiveCfg = Debug|Any CPU
		{D1F6A7A3-3B9A-4FE1-9295-52693555413F}.Debug|Any CPU.Build.0 = Debug|Any CPU
		{D1F6A7A3-3B9A-4FE1-9295-52693555413F}.Debug|x64.ActiveCfg = Debug|Any CPU
		{D1F6A7A3-3B9A-4FE1-9295-52693555413F}.Debug|x64.Build.0 = Debug|Any CPU
		{D1F6A7A3-3B9A-4FE1-9295-52693555413F}.Debug|x86.ActiveCfg = Debug|Any CPU
		{D1F6A7A3-3B9A-4FE1-9295-52693555413F}.Debug|x86.Build.0 = Debug|Any CPU
		{D1F6A7A3-3B9A-4FE1-9295-52693555413F}.Release|Any CPU.ActiveCfg = Release|Any CPU
		{D1F6A7A3-3B9A-4FE1-9295-52693555413F}.Release|Any CPU.Build.0 = Release|Any CPU
		{D1F6A7A3-3B9A-4FE1-9295-52693555413F}.Release|x64.ActiveCfg = Release|Any CPU
		{D1F6A7A3-3B9A-4FE1-9295-52693555413F}.Release|x64.Build.0 = Release|Any CPU
		{D1F6A7A3-3B9A-4FE1-9295-52693555413F}.Release|x86.ActiveCfg = Release|Any CPU
		{D1F6A7A3-3B9A-4FE1-9295-52693555413F}.Release|x86.Build.0 = Release|Any CPU
		{E7228A7F-11E1-4617-ADB8-45D0BA0FD556}.Debug|Any CPU.ActiveCfg = Debug|Any CPU
		{E7228A7F-11E1-4617-ADB8-45D0BA0FD556}.Debug|Any CPU.Build.0 = Debug|Any CPU
		{E7228A7F-11E1-4617-ADB8-45D0BA0FD556}.Debug|x64.ActiveCfg = Debug|Any CPU
		{E7228A7F-11E1-4617-ADB8-45D0BA0FD556}.Debug|x64.Build.0 = Debug|Any CPU
		{E7228A7F-11E1-4617-ADB8-45D0BA0FD556}.Debug|x86.ActiveCfg = Debug|Any CPU
		{E7228A7F-11E1-4617-ADB8-45D0BA0FD556}.Debug|x86.Build.0 = Debug|Any CPU
		{E7228A7F-11E1-4617-ADB8-45D0BA0FD556}.Release|Any CPU.ActiveCfg = Release|Any CPU
		{E7228A7F-11E1-4617-ADB8-45D0BA0FD556}.Release|Any CPU.Build.0 = Release|Any CPU
		{E7228A7F-11E1-4617-ADB8-45D0BA0FD556}.Release|x64.ActiveCfg = Release|Any CPU
		{E7228A7F-11E1-4617-ADB8-45D0BA0FD556}.Release|x64.Build.0 = Release|Any CPU
		{E7228A7F-11E1-4617-ADB8-45D0BA0FD556}.Release|x86.ActiveCfg = Release|Any CPU
		{E7228A7F-11E1-4617-ADB8-45D0BA0FD556}.Release|x86.Build.0 = Release|Any CPU
		{863EC40B-EE9B-4B9C-AC2B-C65B1B0B5E2B}.Debug|Any CPU.ActiveCfg = Debug|Any CPU
		{863EC40B-EE9B-4B9C-AC2B-C65B1B0B5E2B}.Debug|Any CPU.Build.0 = Debug|Any CPU
		{863EC40B-EE9B-4B9C-AC2B-C65B1B0B5E2B}.Debug|x64.ActiveCfg = Debug|Any CPU
		{863EC40B-EE9B-4B9C-AC2B-C65B1B0B5E2B}.Debug|x64.Build.0 = Debug|Any CPU
		{863EC40B-EE9B-4B9C-AC2B-C65B1B0B5E2B}.Debug|x86.ActiveCfg = Debug|Any CPU
		{863EC40B-EE9B-4B9C-AC2B-C65B1B0B5E2B}.Debug|x86.Build.0 = Debug|Any CPU
		{863EC40B-EE9B-4B9C-AC2B-C65B1B0B5E2B}.Release|Any CPU.ActiveCfg = Release|Any CPU
		{863EC40B-EE9B-4B9C-AC2B-C65B1B0B5E2B}.Release|Any CPU.Build.0 = Release|Any CPU
		{863EC40B-EE9B-4B9C-AC2B-C65B1B0B5E2B}.Release|x64.ActiveCfg = Release|Any CPU
		{863EC40B-EE9B-4B9C-AC2B-C65B1B0B5E2B}.Release|x64.Build.0 = Release|Any CPU
		{863EC40B-EE9B-4B9C-AC2B-C65B1B0B5E2B}.Release|x86.ActiveCfg = Release|Any CPU
		{863EC40B-EE9B-4B9C-AC2B-C65B1B0B5E2B}.Release|x86.Build.0 = Release|Any CPU
	EndGlobalSection
	GlobalSection(SolutionProperties) = preSolution
		HideSolutionNode = FALSE
	EndGlobalSection
	GlobalSection(NestedProjects) = preSolution
		{DCFDD393-0BFF-411F-AABF-23A201F6FCEF} = {7266C4A9-E384-DC00-0EB6-47F6002CFBA7}
		{B7B79378-4E49-495C-AD64-2ECA7E2ED00C} = {7266C4A9-E384-DC00-0EB6-47F6002CFBA7}
		{E70ECEC0-05AD-438B-B28C-E73D61745564} = {7266C4A9-E384-DC00-0EB6-47F6002CFBA7}
		{A4CBBF40-9F94-40B9-8253-928C6B40ECD8} = {E7BDDBC6-9FD1-D1D7-ACD8-2C4F8E3D2461}
		{1C458BBA-B078-4EB2-B60A-A83EB6AF25B1} = {A704D049-5395-6054-6F30-E0B494B41F29}
		{05772A79-6677-48D6-4812-5BDCDF485F71} = {5854FF58-B8C5-05C6-5BF2-ACE42193F22B}
		{554602CF-313D-43A9-86E8-CDCB833B1BBC} = {05772A79-6677-48D6-4812-5BDCDF485F71}
		{4F9858A2-5353-44C5-A96F-0C7CB1FF4208} = {05772A79-6677-48D6-4812-5BDCDF485F71}
		{1FD60522-1186-47AB-9AA5-1249FAECF18E} = {05772A79-6677-48D6-4812-5BDCDF485F71}
		{742AB096-E69F-4D17-AAE5-FBD447C8854F} = {05772A79-6677-48D6-4812-5BDCDF485F71}
		{1C57C2D2-1246-804C-0890-EC7B6BEC053B} = {5854FF58-B8C5-05C6-5BF2-ACE42193F22B}
		{C4FBB33C-A141-48C8-99E7-0B038F088AC9} = {1C57C2D2-1246-804C-0890-EC7B6BEC053B}
		{8E0D9915-1E1A-4832-83FD-4E7AB5ACEA45} = {1C57C2D2-1246-804C-0890-EC7B6BEC053B}
		{9E38FAB5-29B2-4273-A1E2-FA5FFE5E3E24} = {1C57C2D2-1246-804C-0890-EC7B6BEC053B}
		{8173205C-DC4E-4375-A853-676B5DC3F458} = {1C57C2D2-1246-804C-0890-EC7B6BEC053B}
		{BB9B0570-D764-F740-A1C1-3444BA1D5022} = {5854FF58-B8C5-05C6-5BF2-ACE42193F22B}
		{6A3E425E-6430-49E5-8475-A812BE1BE8A9} = {BB9B0570-D764-F740-A1C1-3444BA1D5022}
		{D1F6A7A3-3B9A-4FE1-9295-52693555413F} = {BB9B0570-D764-F740-A1C1-3444BA1D5022}
		{E7228A7F-11E1-4617-ADB8-45D0BA0FD556} = {BB9B0570-D764-F740-A1C1-3444BA1D5022}
		{863EC40B-EE9B-4B9C-AC2B-C65B1B0B5E2B} = {BB9B0570-D764-F740-A1C1-3444BA1D5022}
		{A1B2C3D4-E5F6-4A7B-8C9D-0E1F2A3B4C5D} = {F2B76D92-C66C-4A2D-8D5C-2E3D6B7F9A1B}
		{B2C3D4E5-F6A7-4B8C-9D0E-1F2A3B4C5D6E} = {F2B76D92-C66C-4A2D-8D5C-2E3D6B7F9A1B}
		{D4E5F6A7-B8C9-4D0E-1F2A-3B4C5D6E7F8A} = {C3D4E5F6-A7B8-4C9D-0E1F-2A3B4C5D6E7F}
		{E5F6A7B8-C9D0-4E1F-2A3B-4C5D6E7F8A9B} = {C3D4E5F6-A7B8-4C9D-0E1F-2A3B4C5D6E7F}
	EndGlobalSection
EndGlobal
